// !$*UTF8*$!
{
	archiveVersion = 1;
	classes = {
	};
	objectVersion = 50;
	objects = {

/* Begin PBXBuildFile section */
		71C24A56279F562A000B8223 /* AppDelegate.swift in Sources */ = {isa = PBXBuildFile; fileRef = 71C24A55279F562A000B8223 /* AppDelegate.swift */; };
		71C24A58279F562A000B8223 /* SceneDelegate.swift in Sources */ = {isa = PBXBuildFile; fileRef = 71C24A57279F562A000B8223 /* SceneDelegate.swift */; };
		71C24A5A279F562A000B8223 /* ViewController.swift in Sources */ = {isa = PBXBuildFile; fileRef = 71C24A59279F562A000B8223 /* ViewController.swift */; };
		71C24A5D279F562A000B8223 /* Main.storyboard in Resources */ = {isa = PBXBuildFile; fileRef = 71C24A5B279F562A000B8223 /* Main.storyboard */; };
		71C24A5F279F562B000B8223 /* Assets.xcassets in Resources */ = {isa = PBXBuildFile; fileRef = 71C24A5E279F562B000B8223 /* Assets.xcassets */; };
		71C24A62279F562B000B8223 /* LaunchScreen.storyboard in Resources */ = {isa = PBXBuildFile; fileRef = 71C24A60279F562B000B8223 /* LaunchScreen.storyboard */; };
		71C24A6D279F562B000B8223 /* PreworkTests.swift in Sources */ = {isa = PBXBuildFile; fileRef = 71C24A6C279F562B000B8223 /* PreworkTests.swift */; };
		71C24A78279F562B000B8223 /* PreworkUITests.swift in Sources */ = {isa = PBXBuildFile; fileRef = 71C24A77279F562B000B8223 /* PreworkUITests.swift */; };
/* End PBXBuildFile section */

/* Begin PBXContainerItemProxy section */
		71C24A69279F562B000B8223 /* PBXContainerItemProxy */ = {
			isa = PBXContainerItemProxy;
			containerPortal = 71C24A4A279F562A000B8223 /* Project object */;
			proxyType = 1;
			remoteGlobalIDString = 71C24A51279F562A000B8223;
			remoteInfo = Prework;
		};
		71C24A74279F562B000B8223 /* PBXContainerItemProxy */ = {
			isa = PBXContainerItemProxy;
			containerPortal = 71C24A4A279F562A000B8223 /* Project object */;
			proxyType = 1;
			remoteGlobalIDString = 71C24A51279F562A000B8223;
			remoteInfo = Prework;
		};
/* End PBXContainerItemProxy section */

/* Begin PBXFileReference section */
		71C24A52279F562A000B8223 /* Prework.app */ = {isa = PBXFileReference; explicitFileType = wrapper.application; includeInIndex = 0; path = Prework.app; sourceTree = BUILT_PRODUCTS_DIR; };
		71C24A55279F562A000B8223 /* AppDelegate.swift */ = {isa = PBXFileReference; lastKnownFileType = sourcecode.swift; path = AppDelegate.swift; sourceTree = "<group>"; };
		71C24A57279F562A000B8223 /* SceneDelegate.swift */ = {isa = PBXFileReference; lastKnownFileType = sourcecode.swift; path = SceneDelegate.swift; sourceTree = "<group>"; };
		71C24A59279F562A000B8223 /* ViewController.swift */ = {isa = PBXFileReference; lastKnownFileType = sourcecode.swift; path = ViewController.swift; sourceTree = "<group>"; };
		71C24A5C279F562A000B8223 /* Base */ = {isa = PBXFileReference; lastKnownFileType = file.storyboard; name = Base; path = Base.lproj/Main.storyboard; sourceTree = "<group>"; };
		71C24A5E279F562B000B8223 /* Assets.xcassets */ = {isa = PBXFileReference; lastKnownFileType = folder.assetcatalog; path = Assets.xcassets; sourceTree = "<group>"; };
		71C24A61279F562B000B8223 /* Base */ = {isa = PBXFileReference; lastKnownFileType = file.storyboard; name = Base; path = Base.lproj/LaunchScreen.storyboard; sourceTree = "<group>"; };
		71C24A63279F562B000B8223 /* Info.plist */ = {isa = PBXFileReference; lastKnownFileType = text.plist.xml; path = Info.plist; sourceTree = "<group>"; };
		71C24A68279F562B000B8223 /* PreworkTests.xctest */ = {isa = PBXFileReference; explicitFileType = wrapper.cfbundle; includeInIndex = 0; path = PreworkTests.xctest; sourceTree = BUILT_PRODUCTS_DIR; };
		71C24A6C279F562B000B8223 /* PreworkTests.swift */ = {isa = PBXFileReference; lastKnownFileType = sourcecode.swift; path = PreworkTests.swift; sourceTree = "<group>"; };
		71C24A6E279F562B000B8223 /* Info.plist */ = {isa = PBXFileReference; lastKnownFileType = text.plist.xml; path = Info.plist; sourceTree = "<group>"; };
		71C24A73279F562B000B8223 /* PreworkUITests.xctest */ = {isa = PBXFileReference; explicitFileType = wrapper.cfbundle; includeInIndex = 0; path = PreworkUITests.xctest; sourceTree = BUILT_PRODUCTS_DIR; };
		71C24A77279F562B000B8223 /* PreworkUITests.swift */ = {isa = PBXFileReference; lastKnownFileType = sourcecode.swift; path = PreworkUITests.swift; sourceTree = "<group>"; };
		71C24A79279F562B000B8223 /* Info.plist */ = {isa = PBXFileReference; lastKnownFileType = text.plist.xml; path = Info.plist; sourceTree = "<group>"; };
/* End PBXFileReference section */

/* Begin PBXFrameworksBuildPhase section */
		71C24A4F279F562A000B8223 /* Frameworks */ = {
			isa = PBXFrameworksBuildPhase;
			buildActionMask = 2147483647;
			files = (
			);
			runOnlyForDeploymentPostprocessing = 0;
		};
		71C24A65279F562B000B8223 /* Frameworks */ = {
			isa = PBXFrameworksBuildPhase;
			buildActionMask = 2147483647;
			files = (
			);
			runOnlyForDeploymentPostprocessing = 0;
		};
		71C24A70279F562B000B8223 /* Frameworks */ = {
			isa = PBXFrameworksBuildPhase;
			buildActionMask = 2147483647;
			files = (
			);
			runOnlyForDeploymentPostprocessing = 0;
		};
/* End PBXFrameworksBuildPhase section */

/* Begin PBXGroup section */
		71C24A49279F562A000B8223 = {
			isa = PBXGroup;
			children = (
				71C24A54279F562A000B8223 /* Prework */,
				71C24A6B279F562B000B8223 /* PreworkTests */,
				71C24A76279F562B000B8223 /* PreworkUITests */,
				71C24A53279F562A000B8223 /* Products */,
			);
			sourceTree = "<group>";
		};
		71C24A53279F562A000B8223 /* Products */ = {
			isa = PBXGroup;
			children = (
				71C24A52279F562A000B8223 /* Prework.app */,
				71C24A68279F562B000B8223 /* PreworkTests.xctest */,
				71C24A73279F562B000B8223 /* PreworkUITests.xctest */,
			);
			name = Products;
			sourceTree = "<group>";
		};
		71C24A54279F562A000B8223 /* Prework */ = {
			isa = PBXGroup;
			children = (
				71C24A55279F562A000B8223 /* AppDelegate.swift */,
				71C24A57279F562A000B8223 /* SceneDelegate.swift */,
				71C24A59279F562A000B8223 /* ViewController.swift */,
				71C24A5B279F562A000B8223 /* Main.storyboard */,
				71C24A5E279F562B000B8223 /* Assets.xcassets */,
				71C24A60279F562B000B8223 /* LaunchScreen.storyboard */,
				71C24A63279F562B000B8223 /* Info.plist */,
			);
			path = Prework;
			sourceTree = "<group>";
		};
		71C24A6B279F562B000B8223 /* PreworkTests */ = {
			isa = PBXGroup;
			children = (
				71C24A6C279F562B000B8223 /* PreworkTests.swift */,
				71C24A6E279F562B000B8223 /* Info.plist */,
			);
			path = PreworkTests;
			sourceTree = "<group>";
		};
		71C24A76279F562B000B8223 /* PreworkUITests */ = {
			isa = PBXGroup;
			children = (
				71C24A77279F562B000B8223 /* PreworkUITests.swift */,
				71C24A79279F562B000B8223 /* Info.plist */,
			);
			path = PreworkUITests;
			sourceTree = "<group>";
		};
/* End PBXGroup section */

/* Begin PBXNativeTarget section */
		71C24A51279F562A000B8223 /* Prework */ = {
			isa = PBXNativeTarget;
			buildConfigurationList = 71C24A7C279F562B000B8223 /* Build configuration list for PBXNativeTarget "Prework" */;
			buildPhases = (
				71C24A4E279F562A000B8223 /* Sources */,
				71C24A4F279F562A000B8223 /* Frameworks */,
				71C24A50279F562A000B8223 /* Resources */,
			);
			buildRules = (
			);
			dependencies = (
			);
			name = Prework;
			productName = Prework;
			productReference = 71C24A52279F562A000B8223 /* Prework.app */;
			productType = "com.apple.product-type.application";
		};
		71C24A67279F562B000B8223 /* PreworkTests */ = {
			isa = PBXNativeTarget;
			buildConfigurationList = 71C24A7F279F562B000B8223 /* Build configuration list for PBXNativeTarget "PreworkTests" */;
			buildPhases = (
				71C24A64279F562B000B8223 /* Sources */,
				71C24A65279F562B000B8223 /* Frameworks */,
				71C24A66279F562B000B8223 /* Resources */,
			);
			buildRules = (
			);
			dependencies = (
				71C24A6A279F562B000B8223 /* PBXTargetDependency */,
			);
			name = PreworkTests;
			productName = PreworkTests;
			productReference = 71C24A68279F562B000B8223 /* PreworkTests.xctest */;
			productType = "com.apple.product-type.bundle.unit-test";
		};
		71C24A72279F562B000B8223 /* PreworkUITests */ = {
			isa = PBXNativeTarget;
			buildConfigurationList = 71C24A82279F562B000B8223 /* Build configuration list for PBXNativeTarget "PreworkUITests" */;
			buildPhases = (
				71C24A6F279F562B000B8223 /* Sources */,
				71C24A70279F562B000B8223 /* Frameworks */,
				71C24A71279F562B000B8223 /* Resources */,
			);
			buildRules = (
			);
			dependencies = (
				71C24A75279F562B000B8223 /* PBXTargetDependency */,
			);
			name = PreworkUITests;
			productName = PreworkUITests;
			productReference = 71C24A73279F562B000B8223 /* PreworkUITests.xctest */;
			productType = "com.apple.product-type.bundle.ui-testing";
		};
/* End PBXNativeTarget section */

/* Begin PBXProject section */
		71C24A4A279F562A000B8223 /* Project object */ = {
			isa = PBXProject;
			attributes = {
				LastSwiftUpdateCheck = 1250;
				LastUpgradeCheck = 1250;
				TargetAttributes = {
					71C24A51279F562A000B8223 = {
						CreatedOnToolsVersion = 12.5.1;
					};
					71C24A67279F562B000B8223 = {
						CreatedOnToolsVersion = 12.5.1;
						TestTargetID = 71C24A51279F562A000B8223;
					};
					71C24A72279F562B000B8223 = {
						CreatedOnToolsVersion = 12.5.1;
						TestTargetID = 71C24A51279F562A000B8223;
					};
				};
			};
			buildConfigurationList = 71C24A4D279F562A000B8223 /* Build configuration list for PBXProject "Prework" */;
			compatibilityVersion = "Xcode 9.3";
			developmentRegion = en;
			hasScannedForEncodings = 0;
			knownRegions = (
				en,
				Base,
			);
			mainGroup = 71C24A49279F562A000B8223;
			productRefGroup = 71C24A53279F562A000B8223 /* Products */;
			projectDirPath = "";
			projectRoot = "";
			targets = (
				71C24A51279F562A000B8223 /* Prework */,
				71C24A67279F562B000B8223 /* PreworkTests */,
				71C24A72279F562B000B8223 /* PreworkUITests */,
			);
		};
/* End PBXProject section */

/* Begin PBXResourcesBuildPhase section */
		71C24A50279F562A000B8223 /* Resources */ = {
			isa = PBXResourcesBuildPhase;
			buildActionMask = 2147483647;
			files = (
				71C24A62279F562B000B8223 /* LaunchScreen.storyboard in Resources */,
				71C24A5F279F562B000B8223 /* Assets.xcassets in Resources */,
				71C24A5D279F562A000B8223 /* Main.storyboard in Resources */,
			);
			runOnlyForDeploymentPostprocessing = 0;
		};
		71C24A66279F562B000B8223 /* Resources */ = {
			isa = PBXResourcesBuildPhase;
			buildActionMask = 2147483647;
			files = (
			);
			runOnlyForDeploymentPostprocessing = 0;
		};
		71C24A71279F562B000B8223 /* Resources */ = {
			isa = PBXResourcesBuildPhase;
			buildActionMask = 2147483647;
			files = (
			);
			runOnlyForDeploymentPostprocessing = 0;
		};
/* End PBXResourcesBuildPhase section */

/* Begin PBXSourcesBuildPhase section */
		71C24A4E279F562A000B8223 /* Sources */ = {
			isa = PBXSourcesBuildPhase;
			buildActionMask = 2147483647;
			files = (
				71C24A5A279F562A000B8223 /* ViewController.swift in Sources */,
				71C24A56279F562A000B8223 /* AppDelegate.swift in Sources */,
				71C24A58279F562A000B8223 /* SceneDelegate.swift in Sources */,
			);
			runOnlyForDeploymentPostprocessing = 0;
		};
		71C24A64279F562B000B8223 /* Sources */ = {
			isa = PBXSourcesBuildPhase;
			buildActionMask = 2147483647;
			files = (
				71C24A6D279F562B000B8223 /* PreworkTests.swift in Sources */,
			);
			runOnlyForDeploymentPostprocessing = 0;
		};
		71C24A6F279F562B000B8223 /* Sources */ = {
			isa = PBXSourcesBuildPhase;
			buildActionMask = 2147483647;
			files = (
				71C24A78279F562B000B8223 /* PreworkUITests.swift in Sources */,
			);
			runOnlyForDeploymentPostprocessing = 0;
		};
/* End PBXSourcesBuildPhase section */

/* Begin PBXTargetDependency section */
		71C24A6A279F562B000B8223 /* PBXTargetDependency */ = {
			isa = PBXTargetDependency;
			target = 71C24A51279F562A000B8223 /* Prework */;
			targetProxy = 71C24A69279F562B000B8223 /* PBXContainerItemProxy */;
		};
		71C24A75279F562B000B8223 /* PBXTargetDependency */ = {
			isa = PBXTargetDependency;
			target = 71C24A51279F562A000B8223 /* Prework */;
			targetProxy = 71C24A74279F562B000B8223 /* PBXContainerItemProxy */;
		};
/* End PBXTargetDependency section */

/* Begin PBXVariantGroup section */
		71C24A5B279F562A000B8223 /* Main.storyboard */ = {
			isa = PBXVariantGroup;
			children = (
				71C24A5C279F562A000B8223 /* Base */,
			);
			name = Main.storyboard;
			sourceTree = "<group>";
		};
		71C24A60279F562B000B8223 /* LaunchScreen.storyboard */ = {
			isa = PBXVariantGroup;
			children = (
				71C24A61279F562B000B8223 /* Base */,
			);
			name = LaunchScreen.storyboard;
			sourceTree = "<group>";
		};
/* End PBXVariantGroup section */

/* Begin XCBuildConfiguration section */
		71C24A7A279F562B000B8223 /* Debug */ = {
			isa = XCBuildConfiguration;
			buildSettings = {
				ALWAYS_SEARCH_USER_PATHS = NO;
				CLANG_ANALYZER_NONNULL = YES;
				CLANG_ANALYZER_NUMBER_OBJECT_CONVERSION = YES_AGGRESSIVE;
				CLANG_CXX_LANGUAGE_STANDARD = "gnu++14";
				CLANG_CXX_LIBRARY = "libc++";
				CLANG_ENABLE_MODULES = YES;
				CLANG_ENABLE_OBJC_ARC = YES;
				CLANG_ENABLE_OBJC_WEAK = YES;
				CLANG_WARN_BLOCK_CAPTURE_AUTORELEASING = YES;
				CLANG_WARN_BOOL_CONVERSION = YES;
				CLANG_WARN_COMMA = YES;
				CLANG_WARN_CONSTANT_CONVERSION = YES;
				CLANG_WARN_DEPRECATED_OBJC_IMPLEMENTATIONS = YES;
				CLANG_WARN_DIRECT_OBJC_ISA_USAGE = YES_ERROR;
				CLANG_WARN_DOCUMENTATION_COMMENTS = YES;
				CLANG_WARN_EMPTY_BODY = YES;
				CLANG_WARN_ENUM_CONVERSION = YES;
				CLANG_WARN_INFINITE_RECURSION = YES;
				CLANG_WARN_INT_CONVERSION = YES;
				CLANG_WARN_NON_LITERAL_NULL_CONVERSION = YES;
				CLANG_WARN_OBJC_IMPLICIT_RETAIN_SELF = YES;
				CLANG_WARN_OBJC_LITERAL_CONVERSION = YES;
				CLANG_WARN_OBJC_ROOT_CLASS = YES_ERROR;
				CLANG_WARN_QUOTED_INCLUDE_IN_FRAMEWORK_HEADER = YES;
				CLANG_WARN_RANGE_LOOP_ANALYSIS = YES;
				CLANG_WARN_STRICT_PROTOTYPES = YES;
				CLANG_WARN_SUSPICIOUS_MOVE = YES;
				CLANG_WARN_UNGUARDED_AVAILABILITY = YES_AGGRESSIVE;
				CLANG_WARN_UNREACHABLE_CODE = YES;
				CLANG_WARN__DUPLICATE_METHOD_MATCH = YES;
				COPY_PHASE_STRIP = NO;
				DEBUG_INFORMATION_FORMAT = dwarf;
				ENABLE_STRICT_OBJC_MSGSEND = YES;
				ENABLE_TESTABILITY = YES;
				GCC_C_LANGUAGE_STANDARD = gnu11;
				GCC_DYNAMIC_NO_PIC = NO;
				GCC_NO_COMMON_BLOCKS = YES;
				GCC_OPTIMIZATION_LEVEL = 0;
				GCC_PREPROCESSOR_DEFINITIONS = (
					"DEBUG=1",
					"$(inherited)",
				);
				GCC_WARN_64_TO_32_BIT_CONVERSION = YES;
				GCC_WARN_ABOUT_RETURN_TYPE = YES_ERROR;
				GCC_WARN_UNDECLARED_SELECTOR = YES;
				GCC_WARN_UNINITIALIZED_AUTOS = YES_AGGRESSIVE;
				GCC_WARN_UNUSED_FUNCTION = YES;
				GCC_WARN_UNUSED_VARIABLE = YES;
				IPHONEOS_DEPLOYMENT_TARGET = 14.5;
				MTL_ENABLE_DEBUG_INFO = INCLUDE_SOURCE;
				MTL_FAST_MATH = YES;
				ONLY_ACTIVE_ARCH = YES;
				SDKROOT = iphoneos;
				SWIFT_ACTIVE_COMPILATION_CONDITIONS = DEBUG;
				SWIFT_OPTIMIZATION_LEVEL = "-Onone";
			};
			name = Debug;
		};
		71C24A7B279F562B000B8223 /* Release */ = {
			isa = XCBuildConfiguration;
			buildSettings = {
				ALWAYS_SEARCH_USER_PATHS = NO;
				CLANG_ANALYZER_NONNULL = YES;
				CLANG_ANALYZER_NUMBER_OBJECT_CONVERSION = YES_AGGRESSIVE;
				CLANG_CXX_LANGUAGE_STANDARD = "gnu++14";
				CLANG_CXX_LIBRARY = "libc++";
				CLANG_ENABLE_MODULES = YES;
				CLANG_ENABLE_OBJC_ARC = YES;
				CLANG_ENABLE_OBJC_WEAK = YES;
				CLANG_WARN_BLOCK_CAPTURE_AUTORELEASING = YES;
				CLANG_WARN_BOOL_CONVERSION = YES;
				CLANG_WARN_COMMA = YES;
				CLANG_WARN_CONSTANT_CONVERSION = YES;
				CLANG_WARN_DEPRECATED_OBJC_IMPLEMENTATIONS = YES;
				CLANG_WARN_DIRECT_OBJC_ISA_USAGE = YES_ERROR;
				CLANG_WARN_DOCUMENTATION_COMMENTS = YES;
				CLANG_WARN_EMPTY_BODY = YES;
				CLANG_WARN_ENUM_CONVERSION = YES;
				CLANG_WARN_INFINITE_RECURSION = YES;
				CLANG_WARN_INT_CONVERSION = YES;
				CLANG_WARN_NON_LITERAL_NULL_CONVERSION = YES;
				CLANG_WARN_OBJC_IMPLICIT_RETAIN_SELF = YES;
				CLANG_WARN_OBJC_LITERAL_CONVERSION = YES;
				CLANG_WARN_OBJC_ROOT_CLASS = YES_ERROR;
				CLANG_WARN_QUOTED_INCLUDE_IN_FRAMEWORK_HEADER = YES;
				CLANG_WARN_RANGE_LOOP_ANALYSIS = YES;
				CLANG_WARN_STRICT_PROTOTYPES = YES;
				CLANG_WARN_SUSPICIOUS_MOVE = YES;
				CLANG_WARN_UNGUARDED_AVAILABILITY = YES_AGGRESSIVE;
				CLANG_WARN_UNREACHABLE_CODE = YES;
				CLANG_WARN__DUPLICATE_METHOD_MATCH = YES;
				COPY_PHASE_STRIP = NO;
				DEBUG_INFORMATION_FORMAT = "dwarf-with-dsym";
				ENABLE_NS_ASSERTIONS = NO;
				ENABLE_STRICT_OBJC_MSGSEND = YES;
				GCC_C_LANGUAGE_STANDARD = gnu11;
				GCC_NO_COMMON_BLOCKS = YES;
				GCC_WARN_64_TO_32_BIT_CONVERSION = YES;
				GCC_WARN_ABOUT_RETURN_TYPE = YES_ERROR;
				GCC_WARN_UNDECLARED_SELECTOR = YES;
				GCC_WARN_UNINITIALIZED_AUTOS = YES_AGGRESSIVE;
				GCC_WARN_UNUSED_FUNCTION = YES;
				GCC_WARN_UNUSED_VARIABLE = YES;
				IPHONEOS_DEPLOYMENT_TARGET = 14.5;
				MTL_ENABLE_DEBUG_INFO = NO;
				MTL_FAST_MATH = YES;
				SDKROOT = iphoneos;
				SWIFT_COMPILATION_MODE = wholemodule;
				SWIFT_OPTIMIZATION_LEVEL = "-O";
				VALIDATE_PRODUCT = YES;
			};
			name = Release;
		};
		71C24A7D279F562B000B8223 /* Debug */ = {
			isa = XCBuildConfiguration;
			buildSettings = {
				ASSETCATALOG_COMPILER_APPICON_NAME = AppIcon;
				ASSETCATALOG_COMPILER_GLOBAL_ACCENT_COLOR_NAME = AccentColor;
				CODE_SIGN_STYLE = Automatic;
				INFOPLIST_FILE = Prework/Info.plist;
				LD_RUNPATH_SEARCH_PATHS = (
					"$(inherited)",
					"@executable_path/Frameworks",
				);
				PRODUCT_BUNDLE_IDENTIFIER = MatthewDong.Prework;
				PRODUCT_NAME = "$(TARGET_NAME)";
				SWIFT_VERSION = 5.0;
				TARGETED_DEVICE_FAMILY = "1,2";
			};
			name = Debug;
		};
		71C24A7E279F562B000B8223 /* Release */ = {
			isa = XCBuildConfiguration;
			buildSettings = {
				ASSETCATALOG_COMPILER_APPICON_NAME = AppIcon;
				ASSETCATALOG_COMPILER_GLOBAL_ACCENT_COLOR_NAME = AccentColor;
				CODE_SIGN_STYLE = Automatic;
				INFOPLIST_FILE = Prework/Info.plist;
				LD_RUNPATH_SEARCH_PATHS = (
					"$(inherited)",
					"@executable_path/Frameworks",
				);
				PRODUCT_BUNDLE_IDENTIFIER = MatthewDong.Prework;
				PRODUCT_NAME = "$(TARGET_NAME)";
				SWIFT_VERSION = 5.0;
				TARGETED_DEVICE_FAMILY = "1,2";
			};
			name = Release;
		};
		71C24A80279F562B000B8223 /* Debug */ = {
			isa = XCBuildConfiguration;
			buildSettings = {
				ALWAYS_EMBED_SWIFT_STANDARD_LIBRARIES = YES;
				BUNDLE_LOADER = "$(TEST_HOST)";
				CODE_SIGN_STYLE = Automatic;
				INFOPLIST_FILE = PreworkTests/Info.plist;
				IPHONEOS_DEPLOYMENT_TARGET = 14.5;
				LD_RUNPATH_SEARCH_PATHS = (
					"$(inherited)",
					"@executable_path/Frameworks",
					"@loader_path/Frameworks",
				);
				PRODUCT_BUNDLE_IDENTIFIER = MatthewDong.PreworkTests;
				PRODUCT_NAME = "$(TARGET_NAME)";
				SWIFT_VERSION = 5.0;
				TARGETED_DEVICE_FAMILY = "1,2";
				TEST_HOST = "$(BUILT_PRODUCTS_DIR)/Prework.app/Prework";
			};
			name = Debug;
		};
		71C24A81279F562B000B8223 /* Release */ = {
			isa = XCBuildConfiguration;
			buildSettings = {
				ALWAYS_EMBED_SWIFT_STANDARD_LIBRARIES = YES;
				BUNDLE_LOADER = "$(TEST_HOST)";
				CODE_SIGN_STYLE = Automatic;
				INFOPLIST_FILE = PreworkTests/Info.plist;
				IPHONEOS_DEPLOYMENT_TARGET = 14.5;
				LD_RUNPATH_SEARCH_PATHS = (
					"$(inherited)",
					"@executable_path/Frameworks",
					"@loader_path/Frameworks",
				);
				PRODUCT_BUNDLE_IDENTIFIER = MatthewDong.PreworkTests;
				PRODUCT_NAME = "$(TARGET_NAME)";
				SWIFT_VERSION = 5.0;
				TARGETED_DEVICE_FAMILY = "1,2";
				TEST_HOST = "$(BUILT_PRODUCTS_DIR)/Prework.app/Prework";
			};
			name = Release;
		};
		71C24A83279F562B000B8223 /* Debug */ = {
			isa = XCBuildConfiguration;
			buildSettings = {
				ALWAYS_EMBED_SWIFT_STANDARD_LIBRARIES = YES;
				CODE_SIGN_STYLE = Automatic;
				INFOPLIST_FILE = PreworkUITests/Info.plist;
				LD_RUNPATH_SEARCH_PATHS = (
					"$(inherited)",
					"@executable_path/Frameworks",
					"@loader_path/Frameworks",
				);
				PRODUCT_BUNDLE_IDENTIFIER = MatthewDong.PreworkUITests;
				PRODUCT_NAME = "$(TARGET_NAME)";
				SWIFT_VERSION = 5.0;
				TARGETED_DEVICE_FAMILY = "1,2";
				TEST_TARGET_NAME = Prework;
			};
			name = Debug;
		};
		71C24A84279F562B000B8223 /* Release */ = {
			isa = XCBuildConfiguration;
			buildSettings = {
				ALWAYS_EMBED_SWIFT_STANDARD_LIBRARIES = YES;
				CODE_SIGN_STYLE = Automatic;
				INFOPLIST_FILE = PreworkUITests/Info.plist;
				LD_RUNPATH_SEARCH_PATHS = (
					"$(inherited)",
					"@executable_path/Frameworks",
					"@loader_path/Frameworks",
				);
				PRODUCT_BUNDLE_IDENTIFIER = MatthewDong.PreworkUITests;
				PRODUCT_NAME = "$(TARGET_NAME)";
				SWIFT_VERSION = 5.0;
				TARGETED_DEVICE_FAMILY = "1,2";
				TEST_TARGET_NAME = Prework;
			};
			name = Release;
		};
/* End XCBuildConfiguration section */

/* Begin XCConfigurationList section */
		71C24A4D279F562A000B8223 /* Build configuration list for PBXProject "Prework" */ = {
			isa = XCConfigurationList;
			buildConfigurations = (
				71C24A7A279F562B000B8223 /* Debug */,
				71C24A7B279F562B000B8223 /* Release */,
			);
			defaultConfigurationIsVisible = 0;
			defaultConfigurationName = Release;
		};
		71C24A7C279F562B000B8223 /* Build configuration list for PBXNativeTarget "Prework" */ = {
			isa = XCConfigurationList;
			buildConfigurations = (
				71C24A7D279F562B000B8223 /* Debug */,
				71C24A7E279F562B000B8223 /* Release */,
			);
			defaultConfigurationIsVisible = 0;
			defaultConfigurationName = Release;
		};
		71C24A7F279F562B000B8223 /* Build configuration list for PBXNativeTarget "PreworkTests" */ = {
			isa = XCConfigurationList;
			buildConfigurations = (
				71C24A80279F562B000B8223 /* Debug */,
				71C24A81279F562B000B8223 /* Release */,
			);
			defaultConfigurationIsVisible = 0;
			defaultConfigurationName = Release;
		};
		71C24A82279F562B000B8223 /* Build configuration list for PBXNativeTarget "PreworkUITests" */ = {
			isa = XCConfigurationList;
			buildConfigurations = (
				71C24A83279F562B000B8223 /* Debug */,
				71C24A84279F562B000B8223 /* Release */,
			);
			defaultConfigurationIsVisible = 0;
			defaultConfigurationName = Release;
		};
/* End XCConfigurationList section */
	};
	rootObject = 71C24A4A279F562A000B8223 /* Project object */;
}
